
Microsoft Visual Studio Solution File, Format Version 12.00
# Visual Studio Version 17
VisualStudioVersion = 17.8.34330.188
MinimumVisualStudioVersion = 10.0.40219.1
Project("{9A19103F-16F7-4668-BE54-9A1E7A4F7556}") = "MessAbout.Api", "MessAbout.Api\MessAbout.Api.csproj", "{74D4C9C5-D2BF-4673-90F4-A897385E5328}"
EndProject
Project("{E53339B2-1760-4266-BCC7-CA923CBCF16C}") = "docker-compose", "docker-compose.dcproj", "{6E46693B-2CD7-4624-B69B-89723F173E56}"
EndProject
Project("{2150E333-8FDC-42A3-9474-1A3956D46DE8}") = "Solution Items", "Solution Items", "{84122044-2D4B-411C-B83E-03ECEA8E8375}"
	ProjectSection(SolutionItems) = preProject
		readme.md = readme.md
	EndProjectSection
EndProject
Project("{9A19103F-16F7-4668-BE54-9A1E7A4F7556}") = "MessAbout.Api.IntegrationTests", "MessAbout.Api.IntegrationTests\MessAbout.Api.IntegrationTests.csproj", "{DABAD4A4-AF50-4F6F-A698-E8E686F2F0E9}"
EndProject
Project("{FAE04EC0-301F-11D3-BF4B-00C04F79EFBC}") = "MessAbout.Specs", "MessAbout.Specs\MessAbout.Specs.csproj", "{F23E7900-E3CC-49B9-BD1F-456D86FA780C}"
EndProject
Global
	GlobalSection(SolutionConfigurationPlatforms) = preSolution
		Debug|Any CPU = Debug|Any CPU
		Release|Any CPU = Release|Any CPU
	EndGlobalSection
	GlobalSection(ProjectConfigurationPlatforms) = postSolution
		{74D4C9C5-D2BF-4673-90F4-A897385E5328}.Debug|Any CPU.ActiveCfg = Debug|Any CPU
		{74D4C9C5-D2BF-4673-90F4-A897385E5328}.Debug|Any CPU.Build.0 = Debug|Any CPU
		{74D4C9C5-D2BF-4673-90F4-A897385E5328}.Release|Any CPU.ActiveCfg = Release|Any CPU
		{74D4C9C5-D2BF-4673-90F4-A897385E5328}.Release|Any CPU.Build.0 = Release|Any CPU
		{6E46693B-2CD7-4624-B69B-89723F173E56}.Debug|Any CPU.ActiveCfg = Debug|Any CPU
		{6E46693B-2CD7-4624-B69B-89723F173E56}.Debug|Any CPU.Build.0 = Debug|Any CPU
		{6E46693B-2CD7-4624-B69B-89723F173E56}.Release|Any CPU.ActiveCfg = Release|Any CPU
		{6E46693B-2CD7-4624-B69B-89723F173E56}.Release|Any CPU.Build.0 = Release|Any CPU
		{DABAD4A4-AF50-4F6F-A698-E8E686F2F0E9}.Debug|Any CPU.ActiveCfg = Debug|Any CPU
		{DABAD4A4-AF50-4F6F-A698-E8E686F2F0E9}.Debug|Any CPU.Build.0 = Debug|Any CPU
		{DABAD4A4-AF50-4F6F-A698-E8E686F2F0E9}.Release|Any CPU.ActiveCfg = Release|Any CPU
		{DABAD4A4-AF50-4F6F-A698-E8E686F2F0E9}.Release|Any CPU.Build.0 = Release|Any CPU
		{F23E7900-E3CC-49B9-BD1F-456D86FA780C}.Debug|Any CPU.ActiveCfg = Debug|Any CPU
		{F23E7900-E3CC-49B9-BD1F-456D86FA780C}.Debug|Any CPU.Build.0 = Debug|Any CPU
		{F23E7900-E3CC-49B9-BD1F-456D86FA780C}.Release|Any CPU.ActiveCfg = Release|Any CPU
		{F23E7900-E3CC-49B9-BD1F-456D86FA780C}.Release|Any CPU.Build.0 = Release|Any CPU
	EndGlobalSection
	GlobalSection(SolutionProperties) = preSolution
		HideSolutionNode = FALSE
	EndGlobalSection
	GlobalSection(ExtensibilityGlobals) = postSolution
		SolutionGuid = {95A2F292-5663-43C8-BCFD-F696F87FC571}
	EndGlobalSection
EndGlobal
